
Microsoft Visual Studio Solution File, Format Version 12.00
# Visual Studio Version 17
VisualStudioVersion = 17.12.35728.132
MinimumVisualStudioVersion = 10.0.40219.1
Project("{9A19103F-16F7-4668-BE54-9A1E7A4F7556}") = "SLC-Service-Management", "SLC-Service-Management\SLC-Service-Management.csproj", "{C7BDFA2E-C681-4423-A739-68B7D4C96510}"
EndProject
Project("{2150E333-8FDC-42A3-9474-1A3956D46DE8}") = "Internal", "Internal", "{97D62387-DBF6-4518-852B-63EDE27F9239}"
EndProject
Project("{2150E333-8FDC-42A3-9474-1A3956D46DE8}") = "Code Analysis", "Code Analysis", "{3BB4DA36-867D-4592-B821-1443239349ED}"
	ProjectSection(SolutionItems) = preProject
		Internal\Code Analysis\qaction-debug.ruleset = Internal\Code Analysis\qaction-debug.ruleset
		Internal\Code Analysis\qaction-release.ruleset = Internal\Code Analysis\qaction-release.ruleset
		Internal\Code Analysis\stylecop.json = Internal\Code Analysis\stylecop.json
	EndProjectSection
EndProject
Project("{9A19103F-16F7-4668-BE54-9A1E7A4F7556}") = "SLC_SM_Common", "SLC_SM_Common\SLC_SM_Common.csproj", "{262D51A7-C621-4595-A26D-765CA2CC1A03}"
EndProject
Project("{9A19103F-16F7-4668-BE54-9A1E7A4F7556}") = "SLC_SM_GQIDS_Get Service Items", "Get Service Items Multisection\SLC_SM_GQIDS_Get Service Items.csproj", "{F53F12C2-D3AB-4BF5-B1C8-D3DD7FEE2A39}"
EndProject
Project("{9A19103F-16F7-4668-BE54-9A1E7A4F7556}") = "Launch Interactive Subscript", "Launch Interactive Subscript\Launch Interactive Subscript.csproj", "{0D99A74F-0DA8-4834-9CC0-3027FB962743}"
EndProject
Project("{9A19103F-16F7-4668-BE54-9A1E7A4F7556}") = "Service-Management-GQI-CustomOperator-HasValue", "Service-Management-GQI-CustomOperator-HasValue\Service-Management-GQI-CustomOperator-HasValue.csproj", "{C0D64C3B-ED98-444E-BEC8-63AD1A643D52}"
EndProject
Project("{9A19103F-16F7-4668-BE54-9A1E7A4F7556}") = "ServiceOrder_StateTranstitions", "ServiceOrder_StateTranstitions\ServiceOrder_StateTranstitions.csproj", "{65EA5265-1817-40AC-B4A0-D565118B9014}"
EndProject
Project("{9A19103F-16F7-4668-BE54-9A1E7A4F7556}") = "SLC_SM_Create Service Inventory Item", "SLC_SM_Create Service Inventory Item\SLC_SM_Create Service Inventory Item.csproj", "{70CCCAF2-B2F0-45CF-990D-120FC5A8D751}"
EndProject
Project("{9A19103F-16F7-4668-BE54-9A1E7A4F7556}") = "SLC_SM_Delete Service Item", "SLC_SM_Delete Service Item\SLC_SM_Delete Service Item.csproj", "{BD85E3C0-D692-4C52-8E1C-1771250910F3}"
EndProject
Project("{9A19103F-16F7-4668-BE54-9A1E7A4F7556}") = "SLC_SM_Delete Service Order Item", "SLC_SM_Delete Service Order Item\SLC_SM_Delete Service Order Item.csproj", "{3F10768C-CD82-4217-8381-D8E3418168D8}"
EndProject
Project("{9A19103F-16F7-4668-BE54-9A1E7A4F7556}") = "SLC_SM_Delete_Service", "SLC_SM_Delete_Service\SLC_SM_Delete_Service.csproj", "{F58B1126-C36C-4AA8-A960-0CAB1EC1212E}"
EndProject
Project("{9A19103F-16F7-4668-BE54-9A1E7A4F7556}") = "SLC_SM_GQIDS_Get Service Order Items", "SLC_SM_GQIDS_Get Service Order Items\SLC_SM_GQIDS_Get Service Order Items.csproj", "{F42CFEB7-442E-494A-88F1-73D1E9CBFD2C}"
EndProject
Project("{9A19103F-16F7-4668-BE54-9A1E7A4F7556}") = "SLC_SM_IAS_Add Service Item", "SLC_SM_IAS_Add Service Item\SLC_SM_IAS_Add Service Item.csproj", "{9B9D2B24-36F1-45BC-B459-95B2F3E6C4F6}"
EndProject
Project("{9A19103F-16F7-4668-BE54-9A1E7A4F7556}") = "SLC_SM_IAS_Add Service Order", "SLC_SM_IAS_Add Service Order\SLC_SM_IAS_Add Service Order.csproj", "{D9FA7219-CFD9-4B7C-A157-EC1B0271F492}"
EndProject
Project("{9A19103F-16F7-4668-BE54-9A1E7A4F7556}") = "SLC_SM_IAS_Add Service Order Item", "SLC_SM_IAS_Add Service Order Item\SLC_SM_IAS_Add Service Order Item.csproj", "{C50B526F-176F-4CD2-91C3-108403784385}"
EndProject
Project("{2150E333-8FDC-42A3-9474-1A3956D46DE8}") = "Common", "Common", "{FD02C1BF-1485-4035-87F4-EF05C72D606F}"
EndProject
Project("{2150E333-8FDC-42A3-9474-1A3956D46DE8}") = "IAS", "IAS", "{7B54F701-23CF-40FB-B16E-65F702079BF6}"
EndProject
Project("{2150E333-8FDC-42A3-9474-1A3956D46DE8}") = "AS", "AS", "{5B35FE04-DC17-46DA-A887-CFCFF55E5058}"
EndProject
Project("{2150E333-8FDC-42A3-9474-1A3956D46DE8}") = "DS", "DS", "{D44EC38B-25B7-4DDE-AB69-528AE471A88F}"
EndProject
Project("{2150E333-8FDC-42A3-9474-1A3956D46DE8}") = "Operators", "Operators", "{39BD3628-F478-461F-86D4-13E4B9DFE470}"
EndProject
Project("{9A19103F-16F7-4668-BE54-9A1E7A4F7556}") = "SLC-SM-DS-Get Service Order Item Buttons", "SLC-SM-DS-Get Service Order Item Buttons\SLC-SM-DS-Get Service Order Item Buttons.csproj", "{A857A3E9-1EBB-46EC-BFF7-7CC5B5E36014}"
EndProject
Project("{9A19103F-16F7-4668-BE54-9A1E7A4F7556}") = "ServiceOrderItem_StateTranstitions", "ServiceOrderItem_StateTranstitions\ServiceOrderItem_StateTranstitions.csproj", "{6E59C0E2-E3BB-4DE2-9607-4D17C492980C}"
EndProject
Project("{9A19103F-16F7-4668-BE54-9A1E7A4F7556}") = "SLC_SM_Service_StateTransitions", "SLC_SM_Service_StateTransitions\SLC_SM_Service_StateTransitions.csproj", "{41E720FB-A284-4B5A-973E-8709EBA4D602}"
EndProject
Project("{9A19103F-16F7-4668-BE54-9A1E7A4F7556}") = "Get Service Item Relationship Multisection", "Get Service Item Relationship Multisection\Get Service Item Relationship Multisection.csproj", "{586FEA8A-3436-49EB-81AA-6D990891544D}"
EndProject
Project("{9A19103F-16F7-4668-BE54-9A1E7A4F7556}") = "SLC_SM_AS_AddRelationship", "SLC_SM_AS_AddRelationship\SLC_SM_AS_AddRelationship.csproj", "{18639B90-C551-4DB9-ABC3-802B9D1A0C7C}"
EndProject
Project("{9A19103F-16F7-4668-BE54-9A1E7A4F7556}") = "SLC_SM_IAS_ManageRelationships", "SLC_SM_IAS_ManageRelationships\SLC_SM_IAS_ManageRelationships.csproj", "{1FDD8CF5-F402-446A-8B52-1173CB5CA576}"
EndProject
Project("{9A19103F-16F7-4668-BE54-9A1E7A4F7556}") = "SLC_SM_AS_DynamicDelete", "SLC_SM_AS_DynamicDelete\SLC_SM_AS_DynamicDelete.csproj", "{58D0D3A9-A882-4958-BCF8-F24609C1300B}"
EndProject
Project("{9A19103F-16F7-4668-BE54-9A1E7A4F7556}") = "SLC_SM_DS_TopologySelectedItems", "SLC_SM_DS_TopologySelectedItems\SLC_SM_DS_TopologySelectedItems.csproj", "{B2BCE86E-5049-458C-A5F3-BD3FC68ACA0C}"
EndProject
Project("{9A19103F-16F7-4668-BE54-9A1E7A4F7556}") = "SLC_SM_DS_GetWorkflows", "SLC_SM_DS_GetWorkflows\SLC_SM_DS_GetWorkflows.csproj", "{8BB5665F-6165-427C-9218-A86A75CB9427}"
EndProject
Project("{9A19103F-16F7-4668-BE54-9A1E7A4F7556}") = "SLC_SM_CO_GetWorkflowIcon", "SLC_SM_CO_GetWorkflowIcon\SLC_SM_CO_GetWorkflowIcon.csproj", "{523DD958-021C-4317-94C9-35464942A0CA}"
EndProject
Project("{9A19103F-16F7-4668-BE54-9A1E7A4F7556}") = "SLC_SM_IAS_Service_Spec_Configuration", "SLC_SM_IAS_Service_Spec_Configuration\SLC_SM_IAS_Service_Spec_Configuration.csproj", "{53B0D516-3E2A-4BC1-B41A-E8AB059D4947}"
EndProject
Project("{9A19103F-16F7-4668-BE54-9A1E7A4F7556}") = "SLC_SM_IAS_Service_Configuration", "SLC_SM_IAS_Service_Configuration\SLC_SM_IAS_Service_Configuration.csproj", "{E76CB183-B02B-480E-BAE9-31184A77B705}"
EndProject
Project("{9A19103F-16F7-4668-BE54-9A1E7A4F7556}") = "SLC_SM_IAS_Service_Order_Configuration", "SLC_SM_IAS_Service_Order_Configuration\SLC_SM_IAS_Service_Order_Configuration.csproj", "{0816A1F2-E443-44A0-B642-FEF66FF2D6C6}"
EndProject
Project("{9A19103F-16F7-4668-BE54-9A1E7A4F7556}") = "SLC_SM_DS_GetTopologyNodes", "SLC_SM_DS_GetTopologyNodes\SLC_SM_DS_GetTopologyNodes.csproj", "{E182DAB2-37CA-4383-B984-BBB4D09AA1D8}"
EndProject
Project("{9A19103F-16F7-4668-BE54-9A1E7A4F7556}") = "SLC_SM_Delete Service Order", "SLC_SM_Delete Service Order\SLC_SM_Delete Service Order.csproj", "{EC6C12BF-C2F6-4262-93D4-1F45B2798BB9}"
EndProject
Project("{9A19103F-16F7-4668-BE54-9A1E7A4F7556}") = "SLC_SM_Delete Service Specification", "SLC_SM_Delete Service Specification\SLC_SM_Delete Service Specification.csproj", "{DD824428-F4FC-4137-84CB-87F4CAD57A9F}"
EndProject
Project("{9A19103F-16F7-4668-BE54-9A1E7A4F7556}") = "SLC_SM_GQIDS_Get Service Orders", "SLC_SM_GQIDS_Get Service Orders\SLC_SM_GQIDS_Get Service Orders.csproj", "{6CC1691F-3A75-48AE-A34E-9B7416ABCEE7}"
EndProject
Project("{9A19103F-16F7-4668-BE54-9A1E7A4F7556}") = "SLC_SM_IAS_Configurations", "SLC_SM_IAS_Configurations\SLC_SM_IAS_Configurations.csproj", "{7C5D27F4-9438-420C-BE5F-2CDC5FD8E94B}"
EndProject
Project("{9A19103F-16F7-4668-BE54-9A1E7A4F7556}") = "SLC_SM_Create Job For Service Item", "SLC_SM_Create Job For Service Item\SLC_SM_Create Job For Service Item.csproj", "{BDB8E965-5C24-D442-19FF-0F4085E32A6D}"
EndProject
Project("{9A19103F-16F7-4668-BE54-9A1E7A4F7556}") = "SLC_SM_IAS_Add Service Specification", "SLC_SM_IAS_Add Service Specification\SLC_SM_IAS_Add Service Specification.csproj", "{608D68AA-FD45-4EA3-994B-416940857DAF}"
EndProject
Project("{9A19103F-16F7-4668-BE54-9A1E7A4F7556}") = "SLC_SM_Demo", "SLC_SM_Demo\SLC_SM_Demo.csproj", "{459E3392-EFAB-4783-936B-AD0DF45C062E}"
EndProject
Project("{9A19103F-16F7-4668-BE54-9A1E7A4F7556}") = "SLC_SM_AS_SetIcon", "SLC_SM_AS_SetIcon\SLC_SM_AS_SetIcon.csproj", "{30C81166-43BC-48FE-907B-FE8548319165}"
EndProject
Project("{9A19103F-16F7-4668-BE54-9A1E7A4F7556}") = "SLC_SM_AS_DeleteServiceCategory", "SLC_SM_AS_DeleteServiceCategory\SLC_SM_AS_DeleteServiceCategory.csproj", "{C7C2DEE8-5916-44F1-A936-58CE5E9549A0}"
EndProject
Project("{9A19103F-16F7-4668-BE54-9A1E7A4F7556}") = "SLC_SM_DS_GetServicesByCharacteristic", "SLC_SM_DS_GetServicesByCharacteristic\SLC_SM_DS_GetServicesByCharacteristic.csproj", "{259CAE19-9BF8-4D0F-B11B-52E3755B76F9}"
EndProject
Project("{9A19103F-16F7-4668-BE54-9A1E7A4F7556}") = "SLC_SM_CO_GetCharacteristics", "SLC_SM_CO_GetCharacteristics\SLC_SM_CO_GetCharacteristics.csproj", "{8D6D3E8A-D2AA-4B93-BD32-8EEB4D9E0F0F}"
EndProject
Project("{9A19103F-16F7-4668-BE54-9A1E7A4F7556}") = "SLC_SM_DS_GetNodeEdgeServices", "SLC_SM_DS_GetNodeEdgeServices\SLC_SM_DS_GetNodeEdgeServices.csproj", "{B5C7FBCB-5696-487C-A77F-C1A6F361E678}"
EndProject
Project("{9A19103F-16F7-4668-BE54-9A1E7A4F7556}") = "SLC-SM-DS-Get Service Order Buttons", "SLC-SM-DS-Get Service Order Buttons\SLC-SM-DS-Get Service Order Buttons.csproj", "{273A8C67-E2B8-49EA-A7BB-E81D3C013D8C}"
EndProject
Project("{9A19103F-16F7-4668-BE54-9A1E7A4F7556}") = "SLC-SM-DS-Get Service Buttons", "SLC-SM-DS-Get Service Buttons\SLC-SM-DS-Get Service Buttons.csproj", "{FB8A9531-3A92-42FD-A0A3-D36CA8BB86E0}"
EndProject
Project("{9A19103F-16F7-4668-BE54-9A1E7A4F7556}") = "Service_StateTransitions", "Service_StateTransitions\Service_StateTransitions.csproj", "{4082E41E-1853-4D43-8622-0382805756C1}"
EndProject
Project("{9A19103F-16F7-4668-BE54-9A1E7A4F7556}") = "SLC_SM_DS_GetServiceByServiceType", "SLC_SM_DS_GetServiceByServiceType\SLC_SM_DS_GetServiceByServiceType.csproj", "{81B8942A-0811-4C8D-AAB2-F06563A9C5C2}"
EndProject
Project("{9A19103F-16F7-4668-BE54-9A1E7A4F7556}") = "SLC_SM_GQIDS_Get Service Item Infos", "SLC_SM_GQIDS_Get Service Item Infos\SLC_SM_GQIDS_Get Service Item Infos.csproj", "{8E10016B-27FC-4B77-A1C5-F0F17952A8A1}"
EndProject
Project("{9A19103F-16F7-4668-BE54-9A1E7A4F7556}") = "SLC_SM_AS_AddServiceItem", "SLC_SM_AS_AddServiceItem\SLC_SM_AS_AddServiceItem.csproj", "{A52338D1-BE1B-4D9F-BC9C-B574E4A9AE1B}"
EndProject
Project("{9A19103F-16F7-4668-BE54-9A1E7A4F7556}") = "SLC_SM_IAS_Service_Spec_ConfigurationTests", "SLC_SM_IAS_Service_Spec_ConfigurationTests\SLC_SM_IAS_Service_Spec_ConfigurationTests.csproj", "{99CD937A-04AE-4537-BE32-E75B9DE44FD0}"
EndProject
Project("{2150E333-8FDC-42A3-9474-1A3956D46DE8}") = "Tests", "Tests", "{02EA681E-C7D8-13C7-8484-4AC65E1B71E8}"
EndProject
Project("{9A19103F-16F7-4668-BE54-9A1E7A4F7556}") = "SLC_SM_CommonTests", "SLC_SM_CommonTests\SLC_SM_CommonTests.csproj", "{570D96F6-E15E-416A-B157-993DE5B27E5E}"
EndProject
Project("{9A19103F-16F7-4668-BE54-9A1E7A4F7556}") = "SLC_SM_IAS_Profiles", "SLC_SM_IAS_Profiles\SLC_SM_IAS_Profiles.csproj", "{3EBA069E-70A2-409F-8638-6BA259689406}"
EndProject
Project("{FAE04EC0-301F-11D3-BF4B-00C04F79EFBC}") = "SLC_SM_Take_Ownership", "SLC_SM_Take_Ownership\SLC_SM_Take_Ownership.csproj", "{A2DCDF6C-78E1-42BA-86AE-E57FC7394BC7}"
EndProject
Global
	GlobalSection(SolutionConfigurationPlatforms) = preSolution
		Debug|Any CPU = Debug|Any CPU
		Release|Any CPU = Release|Any CPU
	EndGlobalSection
	GlobalSection(ProjectConfigurationPlatforms) = postSolution
		{C7BDFA2E-C681-4423-A739-68B7D4C96510}.Debug|Any CPU.ActiveCfg = Debug|Any CPU
		{C7BDFA2E-C681-4423-A739-68B7D4C96510}.Debug|Any CPU.Build.0 = Debug|Any CPU
		{C7BDFA2E-C681-4423-A739-68B7D4C96510}.Release|Any CPU.ActiveCfg = Release|Any CPU
		{C7BDFA2E-C681-4423-A739-68B7D4C96510}.Release|Any CPU.Build.0 = Release|Any CPU
		{262D51A7-C621-4595-A26D-765CA2CC1A03}.Debug|Any CPU.ActiveCfg = Debug|Any CPU
		{262D51A7-C621-4595-A26D-765CA2CC1A03}.Debug|Any CPU.Build.0 = Debug|Any CPU
		{262D51A7-C621-4595-A26D-765CA2CC1A03}.Release|Any CPU.ActiveCfg = Release|Any CPU
		{262D51A7-C621-4595-A26D-765CA2CC1A03}.Release|Any CPU.Build.0 = Release|Any CPU
		{F53F12C2-D3AB-4BF5-B1C8-D3DD7FEE2A39}.Debug|Any CPU.ActiveCfg = Debug|Any CPU
		{F53F12C2-D3AB-4BF5-B1C8-D3DD7FEE2A39}.Debug|Any CPU.Build.0 = Debug|Any CPU
		{F53F12C2-D3AB-4BF5-B1C8-D3DD7FEE2A39}.Release|Any CPU.ActiveCfg = Release|Any CPU
		{F53F12C2-D3AB-4BF5-B1C8-D3DD7FEE2A39}.Release|Any CPU.Build.0 = Release|Any CPU
		{0D99A74F-0DA8-4834-9CC0-3027FB962743}.Debug|Any CPU.ActiveCfg = Debug|Any CPU
		{0D99A74F-0DA8-4834-9CC0-3027FB962743}.Debug|Any CPU.Build.0 = Debug|Any CPU
		{0D99A74F-0DA8-4834-9CC0-3027FB962743}.Release|Any CPU.ActiveCfg = Release|Any CPU
		{0D99A74F-0DA8-4834-9CC0-3027FB962743}.Release|Any CPU.Build.0 = Release|Any CPU
		{C0D64C3B-ED98-444E-BEC8-63AD1A643D52}.Debug|Any CPU.ActiveCfg = Debug|Any CPU
		{C0D64C3B-ED98-444E-BEC8-63AD1A643D52}.Debug|Any CPU.Build.0 = Debug|Any CPU
		{C0D64C3B-ED98-444E-BEC8-63AD1A643D52}.Release|Any CPU.ActiveCfg = Release|Any CPU
		{C0D64C3B-ED98-444E-BEC8-63AD1A643D52}.Release|Any CPU.Build.0 = Release|Any CPU
		{65EA5265-1817-40AC-B4A0-D565118B9014}.Debug|Any CPU.ActiveCfg = Debug|Any CPU
		{65EA5265-1817-40AC-B4A0-D565118B9014}.Debug|Any CPU.Build.0 = Debug|Any CPU
		{65EA5265-1817-40AC-B4A0-D565118B9014}.Release|Any CPU.ActiveCfg = Release|Any CPU
		{65EA5265-1817-40AC-B4A0-D565118B9014}.Release|Any CPU.Build.0 = Release|Any CPU
		{70CCCAF2-B2F0-45CF-990D-120FC5A8D751}.Debug|Any CPU.ActiveCfg = Debug|Any CPU
		{70CCCAF2-B2F0-45CF-990D-120FC5A8D751}.Debug|Any CPU.Build.0 = Debug|Any CPU
		{70CCCAF2-B2F0-45CF-990D-120FC5A8D751}.Release|Any CPU.ActiveCfg = Release|Any CPU
		{70CCCAF2-B2F0-45CF-990D-120FC5A8D751}.Release|Any CPU.Build.0 = Release|Any CPU
		{BD85E3C0-D692-4C52-8E1C-1771250910F3}.Debug|Any CPU.ActiveCfg = Debug|Any CPU
		{BD85E3C0-D692-4C52-8E1C-1771250910F3}.Debug|Any CPU.Build.0 = Debug|Any CPU
		{BD85E3C0-D692-4C52-8E1C-1771250910F3}.Release|Any CPU.ActiveCfg = Release|Any CPU
		{BD85E3C0-D692-4C52-8E1C-1771250910F3}.Release|Any CPU.Build.0 = Release|Any CPU
		{3F10768C-CD82-4217-8381-D8E3418168D8}.Debug|Any CPU.ActiveCfg = Debug|Any CPU
		{3F10768C-CD82-4217-8381-D8E3418168D8}.Debug|Any CPU.Build.0 = Debug|Any CPU
		{3F10768C-CD82-4217-8381-D8E3418168D8}.Release|Any CPU.ActiveCfg = Release|Any CPU
		{3F10768C-CD82-4217-8381-D8E3418168D8}.Release|Any CPU.Build.0 = Release|Any CPU
		{F58B1126-C36C-4AA8-A960-0CAB1EC1212E}.Debug|Any CPU.ActiveCfg = Debug|Any CPU
		{F58B1126-C36C-4AA8-A960-0CAB1EC1212E}.Debug|Any CPU.Build.0 = Debug|Any CPU
		{F58B1126-C36C-4AA8-A960-0CAB1EC1212E}.Release|Any CPU.ActiveCfg = Release|Any CPU
		{F58B1126-C36C-4AA8-A960-0CAB1EC1212E}.Release|Any CPU.Build.0 = Release|Any CPU
		{F42CFEB7-442E-494A-88F1-73D1E9CBFD2C}.Debug|Any CPU.ActiveCfg = Debug|Any CPU
		{F42CFEB7-442E-494A-88F1-73D1E9CBFD2C}.Debug|Any CPU.Build.0 = Debug|Any CPU
		{F42CFEB7-442E-494A-88F1-73D1E9CBFD2C}.Release|Any CPU.ActiveCfg = Release|Any CPU
		{F42CFEB7-442E-494A-88F1-73D1E9CBFD2C}.Release|Any CPU.Build.0 = Release|Any CPU
		{9B9D2B24-36F1-45BC-B459-95B2F3E6C4F6}.Debug|Any CPU.ActiveCfg = Debug|Any CPU
		{9B9D2B24-36F1-45BC-B459-95B2F3E6C4F6}.Debug|Any CPU.Build.0 = Debug|Any CPU
		{9B9D2B24-36F1-45BC-B459-95B2F3E6C4F6}.Release|Any CPU.ActiveCfg = Release|Any CPU
		{9B9D2B24-36F1-45BC-B459-95B2F3E6C4F6}.Release|Any CPU.Build.0 = Release|Any CPU
		{D9FA7219-CFD9-4B7C-A157-EC1B0271F492}.Debug|Any CPU.ActiveCfg = Debug|Any CPU
		{D9FA7219-CFD9-4B7C-A157-EC1B0271F492}.Debug|Any CPU.Build.0 = Debug|Any CPU
		{D9FA7219-CFD9-4B7C-A157-EC1B0271F492}.Release|Any CPU.ActiveCfg = Release|Any CPU
		{D9FA7219-CFD9-4B7C-A157-EC1B0271F492}.Release|Any CPU.Build.0 = Release|Any CPU
		{C50B526F-176F-4CD2-91C3-108403784385}.Debug|Any CPU.ActiveCfg = Debug|Any CPU
		{C50B526F-176F-4CD2-91C3-108403784385}.Debug|Any CPU.Build.0 = Debug|Any CPU
		{C50B526F-176F-4CD2-91C3-108403784385}.Release|Any CPU.ActiveCfg = Release|Any CPU
		{C50B526F-176F-4CD2-91C3-108403784385}.Release|Any CPU.Build.0 = Release|Any CPU
		{A857A3E9-1EBB-46EC-BFF7-7CC5B5E36014}.Debug|Any CPU.ActiveCfg = Debug|Any CPU
		{A857A3E9-1EBB-46EC-BFF7-7CC5B5E36014}.Debug|Any CPU.Build.0 = Debug|Any CPU
		{A857A3E9-1EBB-46EC-BFF7-7CC5B5E36014}.Release|Any CPU.ActiveCfg = Release|Any CPU
		{A857A3E9-1EBB-46EC-BFF7-7CC5B5E36014}.Release|Any CPU.Build.0 = Release|Any CPU
		{6E59C0E2-E3BB-4DE2-9607-4D17C492980C}.Debug|Any CPU.ActiveCfg = Debug|Any CPU
		{6E59C0E2-E3BB-4DE2-9607-4D17C492980C}.Debug|Any CPU.Build.0 = Debug|Any CPU
		{6E59C0E2-E3BB-4DE2-9607-4D17C492980C}.Release|Any CPU.ActiveCfg = Release|Any CPU
		{6E59C0E2-E3BB-4DE2-9607-4D17C492980C}.Release|Any CPU.Build.0 = Release|Any CPU
		{41E720FB-A284-4B5A-973E-8709EBA4D602}.Debug|Any CPU.ActiveCfg = Debug|Any CPU
		{41E720FB-A284-4B5A-973E-8709EBA4D602}.Debug|Any CPU.Build.0 = Debug|Any CPU
		{41E720FB-A284-4B5A-973E-8709EBA4D602}.Release|Any CPU.ActiveCfg = Release|Any CPU
		{41E720FB-A284-4B5A-973E-8709EBA4D602}.Release|Any CPU.Build.0 = Release|Any CPU
		{586FEA8A-3436-49EB-81AA-6D990891544D}.Debug|Any CPU.ActiveCfg = Debug|Any CPU
		{586FEA8A-3436-49EB-81AA-6D990891544D}.Debug|Any CPU.Build.0 = Debug|Any CPU
		{586FEA8A-3436-49EB-81AA-6D990891544D}.Release|Any CPU.ActiveCfg = Release|Any CPU
		{586FEA8A-3436-49EB-81AA-6D990891544D}.Release|Any CPU.Build.0 = Release|Any CPU
		{18639B90-C551-4DB9-ABC3-802B9D1A0C7C}.Debug|Any CPU.ActiveCfg = Debug|Any CPU
		{18639B90-C551-4DB9-ABC3-802B9D1A0C7C}.Debug|Any CPU.Build.0 = Debug|Any CPU
		{18639B90-C551-4DB9-ABC3-802B9D1A0C7C}.Release|Any CPU.ActiveCfg = Release|Any CPU
		{18639B90-C551-4DB9-ABC3-802B9D1A0C7C}.Release|Any CPU.Build.0 = Release|Any CPU
		{1FDD8CF5-F402-446A-8B52-1173CB5CA576}.Debug|Any CPU.ActiveCfg = Debug|Any CPU
		{1FDD8CF5-F402-446A-8B52-1173CB5CA576}.Debug|Any CPU.Build.0 = Debug|Any CPU
		{1FDD8CF5-F402-446A-8B52-1173CB5CA576}.Release|Any CPU.ActiveCfg = Release|Any CPU
		{1FDD8CF5-F402-446A-8B52-1173CB5CA576}.Release|Any CPU.Build.0 = Release|Any CPU
		{58D0D3A9-A882-4958-BCF8-F24609C1300B}.Debug|Any CPU.ActiveCfg = Debug|Any CPU
		{58D0D3A9-A882-4958-BCF8-F24609C1300B}.Debug|Any CPU.Build.0 = Debug|Any CPU
		{58D0D3A9-A882-4958-BCF8-F24609C1300B}.Release|Any CPU.ActiveCfg = Release|Any CPU
		{58D0D3A9-A882-4958-BCF8-F24609C1300B}.Release|Any CPU.Build.0 = Release|Any CPU
		{B2BCE86E-5049-458C-A5F3-BD3FC68ACA0C}.Debug|Any CPU.ActiveCfg = Debug|Any CPU
		{B2BCE86E-5049-458C-A5F3-BD3FC68ACA0C}.Debug|Any CPU.Build.0 = Debug|Any CPU
		{B2BCE86E-5049-458C-A5F3-BD3FC68ACA0C}.Release|Any CPU.ActiveCfg = Release|Any CPU
		{B2BCE86E-5049-458C-A5F3-BD3FC68ACA0C}.Release|Any CPU.Build.0 = Release|Any CPU
		{8BB5665F-6165-427C-9218-A86A75CB9427}.Debug|Any CPU.ActiveCfg = Debug|Any CPU
		{8BB5665F-6165-427C-9218-A86A75CB9427}.Debug|Any CPU.Build.0 = Debug|Any CPU
		{8BB5665F-6165-427C-9218-A86A75CB9427}.Release|Any CPU.ActiveCfg = Release|Any CPU
		{8BB5665F-6165-427C-9218-A86A75CB9427}.Release|Any CPU.Build.0 = Release|Any CPU
		{523DD958-021C-4317-94C9-35464942A0CA}.Debug|Any CPU.ActiveCfg = Debug|Any CPU
		{523DD958-021C-4317-94C9-35464942A0CA}.Debug|Any CPU.Build.0 = Debug|Any CPU
		{523DD958-021C-4317-94C9-35464942A0CA}.Release|Any CPU.ActiveCfg = Release|Any CPU
		{523DD958-021C-4317-94C9-35464942A0CA}.Release|Any CPU.Build.0 = Release|Any CPU
		{53B0D516-3E2A-4BC1-B41A-E8AB059D4947}.Debug|Any CPU.ActiveCfg = Debug|Any CPU
		{53B0D516-3E2A-4BC1-B41A-E8AB059D4947}.Debug|Any CPU.Build.0 = Debug|Any CPU
		{53B0D516-3E2A-4BC1-B41A-E8AB059D4947}.Release|Any CPU.ActiveCfg = Release|Any CPU
		{53B0D516-3E2A-4BC1-B41A-E8AB059D4947}.Release|Any CPU.Build.0 = Release|Any CPU
		{E76CB183-B02B-480E-BAE9-31184A77B705}.Debug|Any CPU.ActiveCfg = Debug|Any CPU
		{E76CB183-B02B-480E-BAE9-31184A77B705}.Debug|Any CPU.Build.0 = Debug|Any CPU
		{E76CB183-B02B-480E-BAE9-31184A77B705}.Release|Any CPU.ActiveCfg = Release|Any CPU
		{E76CB183-B02B-480E-BAE9-31184A77B705}.Release|Any CPU.Build.0 = Release|Any CPU
		{0816A1F2-E443-44A0-B642-FEF66FF2D6C6}.Debug|Any CPU.ActiveCfg = Debug|Any CPU
		{0816A1F2-E443-44A0-B642-FEF66FF2D6C6}.Debug|Any CPU.Build.0 = Debug|Any CPU
		{0816A1F2-E443-44A0-B642-FEF66FF2D6C6}.Release|Any CPU.ActiveCfg = Release|Any CPU
		{0816A1F2-E443-44A0-B642-FEF66FF2D6C6}.Release|Any CPU.Build.0 = Release|Any CPU
		{E182DAB2-37CA-4383-B984-BBB4D09AA1D8}.Debug|Any CPU.ActiveCfg = Debug|Any CPU
		{E182DAB2-37CA-4383-B984-BBB4D09AA1D8}.Debug|Any CPU.Build.0 = Debug|Any CPU
		{E182DAB2-37CA-4383-B984-BBB4D09AA1D8}.Release|Any CPU.ActiveCfg = Release|Any CPU
		{E182DAB2-37CA-4383-B984-BBB4D09AA1D8}.Release|Any CPU.Build.0 = Release|Any CPU
		{EC6C12BF-C2F6-4262-93D4-1F45B2798BB9}.Debug|Any CPU.ActiveCfg = Debug|Any CPU
		{EC6C12BF-C2F6-4262-93D4-1F45B2798BB9}.Debug|Any CPU.Build.0 = Debug|Any CPU
		{EC6C12BF-C2F6-4262-93D4-1F45B2798BB9}.Release|Any CPU.ActiveCfg = Release|Any CPU
		{EC6C12BF-C2F6-4262-93D4-1F45B2798BB9}.Release|Any CPU.Build.0 = Release|Any CPU
		{DD824428-F4FC-4137-84CB-87F4CAD57A9F}.Debug|Any CPU.ActiveCfg = Debug|Any CPU
		{DD824428-F4FC-4137-84CB-87F4CAD57A9F}.Debug|Any CPU.Build.0 = Debug|Any CPU
		{DD824428-F4FC-4137-84CB-87F4CAD57A9F}.Release|Any CPU.ActiveCfg = Release|Any CPU
		{DD824428-F4FC-4137-84CB-87F4CAD57A9F}.Release|Any CPU.Build.0 = Release|Any CPU
		{6CC1691F-3A75-48AE-A34E-9B7416ABCEE7}.Debug|Any CPU.ActiveCfg = Debug|Any CPU
		{6CC1691F-3A75-48AE-A34E-9B7416ABCEE7}.Debug|Any CPU.Build.0 = Debug|Any CPU
		{6CC1691F-3A75-48AE-A34E-9B7416ABCEE7}.Release|Any CPU.ActiveCfg = Release|Any CPU
		{6CC1691F-3A75-48AE-A34E-9B7416ABCEE7}.Release|Any CPU.Build.0 = Release|Any CPU
		{7C5D27F4-9438-420C-BE5F-2CDC5FD8E94B}.Debug|Any CPU.ActiveCfg = Debug|Any CPU
		{7C5D27F4-9438-420C-BE5F-2CDC5FD8E94B}.Debug|Any CPU.Build.0 = Debug|Any CPU
		{7C5D27F4-9438-420C-BE5F-2CDC5FD8E94B}.Release|Any CPU.ActiveCfg = Release|Any CPU
		{7C5D27F4-9438-420C-BE5F-2CDC5FD8E94B}.Release|Any CPU.Build.0 = Release|Any CPU
		{BDB8E965-5C24-D442-19FF-0F4085E32A6D}.Debug|Any CPU.ActiveCfg = Debug|Any CPU
		{BDB8E965-5C24-D442-19FF-0F4085E32A6D}.Debug|Any CPU.Build.0 = Debug|Any CPU
		{BDB8E965-5C24-D442-19FF-0F4085E32A6D}.Release|Any CPU.ActiveCfg = Release|Any CPU
		{BDB8E965-5C24-D442-19FF-0F4085E32A6D}.Release|Any CPU.Build.0 = Release|Any CPU
		{608D68AA-FD45-4EA3-994B-416940857DAF}.Debug|Any CPU.ActiveCfg = Debug|Any CPU
		{608D68AA-FD45-4EA3-994B-416940857DAF}.Debug|Any CPU.Build.0 = Debug|Any CPU
		{608D68AA-FD45-4EA3-994B-416940857DAF}.Release|Any CPU.ActiveCfg = Release|Any CPU
		{608D68AA-FD45-4EA3-994B-416940857DAF}.Release|Any CPU.Build.0 = Release|Any CPU
		{459E3392-EFAB-4783-936B-AD0DF45C062E}.Debug|Any CPU.ActiveCfg = Debug|Any CPU
		{459E3392-EFAB-4783-936B-AD0DF45C062E}.Debug|Any CPU.Build.0 = Debug|Any CPU
		{459E3392-EFAB-4783-936B-AD0DF45C062E}.Release|Any CPU.ActiveCfg = Release|Any CPU
		{459E3392-EFAB-4783-936B-AD0DF45C062E}.Release|Any CPU.Build.0 = Release|Any CPU
		{30C81166-43BC-48FE-907B-FE8548319165}.Debug|Any CPU.ActiveCfg = Debug|Any CPU
		{30C81166-43BC-48FE-907B-FE8548319165}.Debug|Any CPU.Build.0 = Debug|Any CPU
		{30C81166-43BC-48FE-907B-FE8548319165}.Release|Any CPU.ActiveCfg = Release|Any CPU
		{30C81166-43BC-48FE-907B-FE8548319165}.Release|Any CPU.Build.0 = Release|Any CPU
		{C7C2DEE8-5916-44F1-A936-58CE5E9549A0}.Debug|Any CPU.ActiveCfg = Debug|Any CPU
		{C7C2DEE8-5916-44F1-A936-58CE5E9549A0}.Debug|Any CPU.Build.0 = Debug|Any CPU
		{C7C2DEE8-5916-44F1-A936-58CE5E9549A0}.Release|Any CPU.ActiveCfg = Release|Any CPU
		{C7C2DEE8-5916-44F1-A936-58CE5E9549A0}.Release|Any CPU.Build.0 = Release|Any CPU
		{259CAE19-9BF8-4D0F-B11B-52E3755B76F9}.Debug|Any CPU.ActiveCfg = Debug|Any CPU
		{259CAE19-9BF8-4D0F-B11B-52E3755B76F9}.Debug|Any CPU.Build.0 = Debug|Any CPU
		{259CAE19-9BF8-4D0F-B11B-52E3755B76F9}.Release|Any CPU.ActiveCfg = Release|Any CPU
		{259CAE19-9BF8-4D0F-B11B-52E3755B76F9}.Release|Any CPU.Build.0 = Release|Any CPU
		{8D6D3E8A-D2AA-4B93-BD32-8EEB4D9E0F0F}.Debug|Any CPU.ActiveCfg = Debug|Any CPU
		{8D6D3E8A-D2AA-4B93-BD32-8EEB4D9E0F0F}.Debug|Any CPU.Build.0 = Debug|Any CPU
		{8D6D3E8A-D2AA-4B93-BD32-8EEB4D9E0F0F}.Release|Any CPU.ActiveCfg = Release|Any CPU
		{8D6D3E8A-D2AA-4B93-BD32-8EEB4D9E0F0F}.Release|Any CPU.Build.0 = Release|Any CPU
		{B5C7FBCB-5696-487C-A77F-C1A6F361E678}.Debug|Any CPU.ActiveCfg = Debug|Any CPU
		{B5C7FBCB-5696-487C-A77F-C1A6F361E678}.Debug|Any CPU.Build.0 = Debug|Any CPU
		{B5C7FBCB-5696-487C-A77F-C1A6F361E678}.Release|Any CPU.ActiveCfg = Release|Any CPU
		{B5C7FBCB-5696-487C-A77F-C1A6F361E678}.Release|Any CPU.Build.0 = Release|Any CPU
		{273A8C67-E2B8-49EA-A7BB-E81D3C013D8C}.Debug|Any CPU.ActiveCfg = Debug|Any CPU
		{273A8C67-E2B8-49EA-A7BB-E81D3C013D8C}.Debug|Any CPU.Build.0 = Debug|Any CPU
		{273A8C67-E2B8-49EA-A7BB-E81D3C013D8C}.Release|Any CPU.ActiveCfg = Release|Any CPU
		{273A8C67-E2B8-49EA-A7BB-E81D3C013D8C}.Release|Any CPU.Build.0 = Release|Any CPU
		{FB8A9531-3A92-42FD-A0A3-D36CA8BB86E0}.Debug|Any CPU.ActiveCfg = Debug|Any CPU
		{FB8A9531-3A92-42FD-A0A3-D36CA8BB86E0}.Debug|Any CPU.Build.0 = Debug|Any CPU
		{FB8A9531-3A92-42FD-A0A3-D36CA8BB86E0}.Release|Any CPU.ActiveCfg = Release|Any CPU
		{FB8A9531-3A92-42FD-A0A3-D36CA8BB86E0}.Release|Any CPU.Build.0 = Release|Any CPU
		{4082E41E-1853-4D43-8622-0382805756C1}.Debug|Any CPU.ActiveCfg = Debug|Any CPU
		{4082E41E-1853-4D43-8622-0382805756C1}.Debug|Any CPU.Build.0 = Debug|Any CPU
		{4082E41E-1853-4D43-8622-0382805756C1}.Release|Any CPU.ActiveCfg = Release|Any CPU
		{4082E41E-1853-4D43-8622-0382805756C1}.Release|Any CPU.Build.0 = Release|Any CPU
		{81B8942A-0811-4C8D-AAB2-F06563A9C5C2}.Debug|Any CPU.ActiveCfg = Debug|Any CPU
		{81B8942A-0811-4C8D-AAB2-F06563A9C5C2}.Debug|Any CPU.Build.0 = Debug|Any CPU
		{81B8942A-0811-4C8D-AAB2-F06563A9C5C2}.Release|Any CPU.ActiveCfg = Release|Any CPU
		{81B8942A-0811-4C8D-AAB2-F06563A9C5C2}.Release|Any CPU.Build.0 = Release|Any CPU
		{8E10016B-27FC-4B77-A1C5-F0F17952A8A1}.Debug|Any CPU.ActiveCfg = Debug|Any CPU
		{8E10016B-27FC-4B77-A1C5-F0F17952A8A1}.Debug|Any CPU.Build.0 = Debug|Any CPU
		{8E10016B-27FC-4B77-A1C5-F0F17952A8A1}.Release|Any CPU.ActiveCfg = Release|Any CPU
		{8E10016B-27FC-4B77-A1C5-F0F17952A8A1}.Release|Any CPU.Build.0 = Release|Any CPU
		{A52338D1-BE1B-4D9F-BC9C-B574E4A9AE1B}.Debug|Any CPU.ActiveCfg = Debug|Any CPU
		{A52338D1-BE1B-4D9F-BC9C-B574E4A9AE1B}.Debug|Any CPU.Build.0 = Debug|Any CPU
		{A52338D1-BE1B-4D9F-BC9C-B574E4A9AE1B}.Release|Any CPU.ActiveCfg = Release|Any CPU
		{A52338D1-BE1B-4D9F-BC9C-B574E4A9AE1B}.Release|Any CPU.Build.0 = Release|Any CPU
		{99CD937A-04AE-4537-BE32-E75B9DE44FD0}.Debug|Any CPU.ActiveCfg = Debug|Any CPU
		{99CD937A-04AE-4537-BE32-E75B9DE44FD0}.Debug|Any CPU.Build.0 = Debug|Any CPU
		{99CD937A-04AE-4537-BE32-E75B9DE44FD0}.Release|Any CPU.ActiveCfg = Release|Any CPU
		{99CD937A-04AE-4537-BE32-E75B9DE44FD0}.Release|Any CPU.Build.0 = Release|Any CPU
		{570D96F6-E15E-416A-B157-993DE5B27E5E}.Debug|Any CPU.ActiveCfg = Debug|Any CPU
		{570D96F6-E15E-416A-B157-993DE5B27E5E}.Debug|Any CPU.Build.0 = Debug|Any CPU
		{570D96F6-E15E-416A-B157-993DE5B27E5E}.Release|Any CPU.ActiveCfg = Release|Any CPU
		{570D96F6-E15E-416A-B157-993DE5B27E5E}.Release|Any CPU.Build.0 = Release|Any CPU
		{A2DCDF6C-78E1-42BA-86AE-E57FC7394BC7}.Debug|Any CPU.ActiveCfg = Debug|Any CPU
		{A2DCDF6C-78E1-42BA-86AE-E57FC7394BC7}.Debug|Any CPU.Build.0 = Debug|Any CPU
		{A2DCDF6C-78E1-42BA-86AE-E57FC7394BC7}.Release|Any CPU.ActiveCfg = Release|Any CPU
		{A2DCDF6C-78E1-42BA-86AE-E57FC7394BC7}.Release|Any CPU.Build.0 = Release|Any CPU
		{3EBA069E-70A2-409F-8638-6BA259689406}.Debug|Any CPU.ActiveCfg = Debug|Any CPU
		{3EBA069E-70A2-409F-8638-6BA259689406}.Debug|Any CPU.Build.0 = Debug|Any CPU
		{3EBA069E-70A2-409F-8638-6BA259689406}.Release|Any CPU.ActiveCfg = Release|Any CPU
		{3EBA069E-70A2-409F-8638-6BA259689406}.Release|Any CPU.Build.0 = Release|Any CPU
	EndGlobalSection
	GlobalSection(SolutionProperties) = preSolution
		HideSolutionNode = FALSE
	EndGlobalSection
	GlobalSection(NestedProjects) = preSolution
		{3BB4DA36-867D-4592-B821-1443239349ED} = {97D62387-DBF6-4518-852B-63EDE27F9239}
		{262D51A7-C621-4595-A26D-765CA2CC1A03} = {FD02C1BF-1485-4035-87F4-EF05C72D606F}
		{F53F12C2-D3AB-4BF5-B1C8-D3DD7FEE2A39} = {D44EC38B-25B7-4DDE-AB69-528AE471A88F}
		{0D99A74F-0DA8-4834-9CC0-3027FB962743} = {7B54F701-23CF-40FB-B16E-65F702079BF6}
		{C0D64C3B-ED98-444E-BEC8-63AD1A643D52} = {39BD3628-F478-461F-86D4-13E4B9DFE470}
		{65EA5265-1817-40AC-B4A0-D565118B9014} = {5B35FE04-DC17-46DA-A887-CFCFF55E5058}
		{70CCCAF2-B2F0-45CF-990D-120FC5A8D751} = {5B35FE04-DC17-46DA-A887-CFCFF55E5058}
		{BD85E3C0-D692-4C52-8E1C-1771250910F3} = {5B35FE04-DC17-46DA-A887-CFCFF55E5058}
		{3F10768C-CD82-4217-8381-D8E3418168D8} = {5B35FE04-DC17-46DA-A887-CFCFF55E5058}
		{F58B1126-C36C-4AA8-A960-0CAB1EC1212E} = {5B35FE04-DC17-46DA-A887-CFCFF55E5058}
		{F42CFEB7-442E-494A-88F1-73D1E9CBFD2C} = {D44EC38B-25B7-4DDE-AB69-528AE471A88F}
		{9B9D2B24-36F1-45BC-B459-95B2F3E6C4F6} = {7B54F701-23CF-40FB-B16E-65F702079BF6}
		{D9FA7219-CFD9-4B7C-A157-EC1B0271F492} = {7B54F701-23CF-40FB-B16E-65F702079BF6}
		{C50B526F-176F-4CD2-91C3-108403784385} = {7B54F701-23CF-40FB-B16E-65F702079BF6}
		{A857A3E9-1EBB-46EC-BFF7-7CC5B5E36014} = {D44EC38B-25B7-4DDE-AB69-528AE471A88F}
		{6E59C0E2-E3BB-4DE2-9607-4D17C492980C} = {5B35FE04-DC17-46DA-A887-CFCFF55E5058}
		{41E720FB-A284-4B5A-973E-8709EBA4D602} = {5B35FE04-DC17-46DA-A887-CFCFF55E5058}
		{586FEA8A-3436-49EB-81AA-6D990891544D} = {D44EC38B-25B7-4DDE-AB69-528AE471A88F}
		{18639B90-C551-4DB9-ABC3-802B9D1A0C7C} = {5B35FE04-DC17-46DA-A887-CFCFF55E5058}
		{1FDD8CF5-F402-446A-8B52-1173CB5CA576} = {7B54F701-23CF-40FB-B16E-65F702079BF6}
		{58D0D3A9-A882-4958-BCF8-F24609C1300B} = {5B35FE04-DC17-46DA-A887-CFCFF55E5058}
		{B2BCE86E-5049-458C-A5F3-BD3FC68ACA0C} = {D44EC38B-25B7-4DDE-AB69-528AE471A88F}
		{8BB5665F-6165-427C-9218-A86A75CB9427} = {D44EC38B-25B7-4DDE-AB69-528AE471A88F}
		{523DD958-021C-4317-94C9-35464942A0CA} = {39BD3628-F478-461F-86D4-13E4B9DFE470}
		{53B0D516-3E2A-4BC1-B41A-E8AB059D4947} = {7B54F701-23CF-40FB-B16E-65F702079BF6}
		{E76CB183-B02B-480E-BAE9-31184A77B705} = {7B54F701-23CF-40FB-B16E-65F702079BF6}
		{0816A1F2-E443-44A0-B642-FEF66FF2D6C6} = {7B54F701-23CF-40FB-B16E-65F702079BF6}
		{E182DAB2-37CA-4383-B984-BBB4D09AA1D8} = {D44EC38B-25B7-4DDE-AB69-528AE471A88F}
		{EC6C12BF-C2F6-4262-93D4-1F45B2798BB9} = {5B35FE04-DC17-46DA-A887-CFCFF55E5058}
		{DD824428-F4FC-4137-84CB-87F4CAD57A9F} = {5B35FE04-DC17-46DA-A887-CFCFF55E5058}
		{6CC1691F-3A75-48AE-A34E-9B7416ABCEE7} = {D44EC38B-25B7-4DDE-AB69-528AE471A88F}
		{7C5D27F4-9438-420C-BE5F-2CDC5FD8E94B} = {7B54F701-23CF-40FB-B16E-65F702079BF6}
		{BDB8E965-5C24-D442-19FF-0F4085E32A6D} = {5B35FE04-DC17-46DA-A887-CFCFF55E5058}
		{608D68AA-FD45-4EA3-994B-416940857DAF} = {7B54F701-23CF-40FB-B16E-65F702079BF6}
		{459E3392-EFAB-4783-936B-AD0DF45C062E} = {5B35FE04-DC17-46DA-A887-CFCFF55E5058}
		{30C81166-43BC-48FE-907B-FE8548319165} = {5B35FE04-DC17-46DA-A887-CFCFF55E5058}
		{C7C2DEE8-5916-44F1-A936-58CE5E9549A0} = {5B35FE04-DC17-46DA-A887-CFCFF55E5058}
		{259CAE19-9BF8-4D0F-B11B-52E3755B76F9} = {D44EC38B-25B7-4DDE-AB69-528AE471A88F}
		{8D6D3E8A-D2AA-4B93-BD32-8EEB4D9E0F0F} = {39BD3628-F478-461F-86D4-13E4B9DFE470}
		{B5C7FBCB-5696-487C-A77F-C1A6F361E678} = {D44EC38B-25B7-4DDE-AB69-528AE471A88F}
		{273A8C67-E2B8-49EA-A7BB-E81D3C013D8C} = {D44EC38B-25B7-4DDE-AB69-528AE471A88F}
		{FB8A9531-3A92-42FD-A0A3-D36CA8BB86E0} = {D44EC38B-25B7-4DDE-AB69-528AE471A88F}
		{4082E41E-1853-4D43-8622-0382805756C1} = {5B35FE04-DC17-46DA-A887-CFCFF55E5058}
		{81B8942A-0811-4C8D-AAB2-F06563A9C5C2} = {D44EC38B-25B7-4DDE-AB69-528AE471A88F}
		{8E10016B-27FC-4B77-A1C5-F0F17952A8A1} = {D44EC38B-25B7-4DDE-AB69-528AE471A88F}
		{A52338D1-BE1B-4D9F-BC9C-B574E4A9AE1B} = {5B35FE04-DC17-46DA-A887-CFCFF55E5058}
		{99CD937A-04AE-4537-BE32-E75B9DE44FD0} = {02EA681E-C7D8-13C7-8484-4AC65E1B71E8}
		{570D96F6-E15E-416A-B157-993DE5B27E5E} = {02EA681E-C7D8-13C7-8484-4AC65E1B71E8}
		{A2DCDF6C-78E1-42BA-86AE-E57FC7394BC7} = {5B35FE04-DC17-46DA-A887-CFCFF55E5058}
		{3EBA069E-70A2-409F-8638-6BA259689406} = {7B54F701-23CF-40FB-B16E-65F702079BF6}
	EndGlobalSection
	GlobalSection(ExtensibilityGlobals) = postSolution
		SolutionGuid = {38C318B5-7814-41CC-9BA6-DC5069897881}
	EndGlobalSection
	GlobalSection(SharedMSBuildProjectFiles) = preSolution
		SLC_SM_Common_Shared\SLC_SM_Common_Shared.projitems*{586fea8a-3436-49eb-81aa-6d990891544d}*SharedItemsImports = 5
	EndGlobalSection
EndGlobal
